
Microsoft Visual Studio Solution File, Format Version 12.00
# Visual Studio Version 16
VisualStudioVersion = 16.0.31702.278
MinimumVisualStudioVersion = 10.0.40219.1
Project("{8BC9CEB8-8B4A-11D0-8D11-00A0C91BC942}") = "Sandbox", "Sandnox\Sandnox.vcxproj", "{D5A92515-8E28-498C-B8F4-5F16C6B7CD07}"
EndProject
Project("{8BC9CEB8-8B4A-11D0-8D11-00A0C91BC942}") = "Nizhoni", "Nizhoni\Nizhoni.vcxproj", "{AE9FA451-4789-4562-84FC-A4292E812E46}"
EndProject
Global
	GlobalSection(SolutionConfigurationPlatforms) = preSolution
		Debug|x64 = Debug|x64
		Release|x64 = Release|x64
	EndGlobalSection
	GlobalSection(ProjectConfigurationPlatforms) = postSolution
		{AE9FA451-4789-4562-84FC-A4292E812E46}.Debug|x64.ActiveCfg = Debug|x64
		{AE9FA451-4789-4562-84FC-A4292E812E46}.Debug|x64.Build.0 = Debug|x64
		{AE9FA451-4789-4562-84FC-A4292E812E46}.Release|x64.ActiveCfg = Release|x64
		{AE9FA451-4789-4562-84FC-A4292E812E46}.Release|x64.Build.0 = Release|x64
		{D5A92515-8E28-498C-B8F4-5F16C6B7CD07}.Debug|x64.ActiveCfg = Debug|x64
		{D5A92515-8E28-498C-B8F4-5F16C6B7CD07}.Debug|x64.Build.0 = Debug|x64
		{D5A92515-8E28-498C-B8F4-5F16C6B7CD07}.Release|x64.ActiveCfg = Release|x64
		{D5A92515-8E28-498C-B8F4-5F16C6B7CD07}.Release|x64.Build.0 = Release|x64
	EndGlobalSection
	GlobalSection(SolutionProperties) = preSolution
		HideSolutionNode = FALSE
	EndGlobalSection
	GlobalSection(ExtensibilityGlobals) = postSolution
		SolutionGuid = {3318B6C8-5B66-407F-8CA7-3C7A3F66467E}
	EndGlobalSection
EndGlobal
